{
  "name": "wix-react-native-storybook-template",
  "version": "0.0.27",
  "lockfileVersion": 1,
  "requires": true,
  "dependencies": {
    "asap": {
      "version": "2.0.6",
      "resolved": "https://repo.dev.wixpress.com/artifactory/api/npm/npm-repos/asap/-/asap-2.0.6.tgz",
      "integrity": "sha1-5QNHYR1+aQlDIIu9r+vLwvuGbUY="
    },
    "promise": {
      "version": "8.0.3",
      "resolved": "https://repo.dev.wixpress.com/artifactory/api/npm/npm-repos/promise/-/promise-8.0.3.tgz",
      "integrity": "sha1-9ZLgmcbN3AANU47nKDuxkEUrC/Y=",
      "requires": {
        "asap": "~2.0.6"
      }
    }
  }
}
